
Microsoft Visual Studio Solution File, Format Version 12.00
# Visual Studio Version 17
VisualStudioVersion = 17.9.34607.119
MinimumVisualStudioVersion = 10.0.40219.1
Project("{FAE04EC0-301F-11D3-BF4B-00C04F79EFBC}") = "CourseMVCApp", "CourseMVCApp\CourseMVCApp.csproj", "{D44BE7D7-393F-4853-9DBD-AE950381655F}"
EndProject
Global
	GlobalSection(SolutionConfigurationPlatforms) = preSolution
		Debug|Any CPU = Debug|Any CPU
		Release|Any CPU = Release|Any CPU
	EndGlobalSection
	GlobalSection(ProjectConfigurationPlatforms) = postSolution
		{D44BE7D7-393F-4853-9DBD-AE950381655F}.Debug|Any CPU.ActiveCfg = Debug|Any CPU
		{D44BE7D7-393F-4853-9DBD-AE950381655F}.Debug|Any CPU.Build.0 = Debug|Any CPU
		{D44BE7D7-393F-4853-9DBD-AE950381655F}.Release|Any CPU.ActiveCfg = Release|Any CPU
		{D44BE7D7-393F-4853-9DBD-AE950381655F}.Release|Any CPU.Build.0 = Release|Any CPU
	EndGlobalSection
	GlobalSection(SolutionProperties) = preSolution
		HideSolutionNode = FALSE
	EndGlobalSection
	GlobalSection(ExtensibilityGlobals) = postSolution
		SolutionGuid = {16199D92-C5C7-48BE-884A-E9C3E3A882A2}
	EndGlobalSection
EndGlobal
